<?xml version="1.0" encoding="utf-8"?>
<Project ToolsVersion="4.0" xmlns="http://schemas.microsoft.com/developer/msbuild/2003">
  <ItemGroup>
    <Filter Include="system">
      <UniqueIdentifier>{22dd8095-74f9-46df-81a1-36675a040b1f}</UniqueIdentifier>
    </Filter>
    <Filter Include="Scene">
      <UniqueIdentifier>{6af1cb52-0495-4534-8f56-5ed1143fb3ba}</UniqueIdentifier>
    </Filter>
    <Filter Include="Component">
      <UniqueIdentifier>{8899b4cd-d411-4793-9f09-d2780a5887d2}</UniqueIdentifier>
    </Filter>
    <Filter Include="Component\Graphics">
      <UniqueIdentifier>{4df5709e-942f-4d2b-8e85-6085cbb7aa76}</UniqueIdentifier>
    </Filter>
    <Filter Include="InGameObject">
      <UniqueIdentifier>{939f6e96-7779-496c-aa28-cc087878e938}</UniqueIdentifier>
    </Filter>
    <Filter Include="InGameObject\Character">
      <UniqueIdentifier>{f3cd40db-b282-4ca1-aba1-85817e78872f}</UniqueIdentifier>
    </Filter>
    <Filter Include="InGameObject\Character\Playable">
      <UniqueIdentifier>{a8a7a2bb-edcc-4151-ab84-35c2c6fa053e}</UniqueIdentifier>
    </Filter>
    <Filter Include="Component\Math">
      <UniqueIdentifier>{5a381a00-4e65-4bfd-8439-4f653ed73825}</UniqueIdentifier>
    </Filter>
    <Filter Include="Component\Logic">
      <UniqueIdentifier>{f2082c54-bab4-44c2-9fcb-c6f81884dbb2}</UniqueIdentifier>
    </Filter>
    <Filter Include="Component\State">
      <UniqueIdentifier>{7fac0082-7f31-43b6-817d-6ae7b751a8ce}</UniqueIdentifier>
    </Filter>
    <Filter Include="Component\State\General">
      <UniqueIdentifier>{ee62705f-bc75-44b3-8977-176465252457}</UniqueIdentifier>
    </Filter>
    <Filter Include="Component\Collision">
      <UniqueIdentifier>{b3a4e1c2-5d6f-7890-abcd-ef1234567890}</UniqueIdentifier>
    </Filter>
    <Filter Include="Component\State\Soldier">
      <UniqueIdentifier>{688677aa-c802-42d3-9897-ee249d4a5dce}</UniqueIdentifier>
    </Filter>
    <Filter Include="InGameObject\Ammo">
      <UniqueIdentifier>{74e41210-1d07-4be2-944d-da9fe3122194}</UniqueIdentifier>
    </Filter>
    <Filter Include="InGameObject\Object">
      <UniqueIdentifier>{78efa567-6285-43d9-96ae-b1c72f694765}</UniqueIdentifier>
    </Filter>
    <Filter Include="InGameObject\Skill">
      <UniqueIdentifier>{9012d1b0-2bfa-4a32-9dab-1816cc5e2a96}</UniqueIdentifier>
    </Filter>
    <Filter Include="InGameObject\Weapon">
      <UniqueIdentifier>{84c9e1dd-c78c-4873-8d3c-f7fc7279a67d}</UniqueIdentifier>
    </Filter>
    <Filter Include="Component\Skill">
      <UniqueIdentifier>{3d7903a9-2afd-4e26-a5ec-7230fdc5dd1b}</UniqueIdentifier>
    </Filter>
    <Filter Include="Component\Status">
      <UniqueIdentifier>{eca814a6-2651-4bbd-8b6d-85d43f3e9e0d}</UniqueIdentifier>
    </Filter>
  </ItemGroup>
  <ItemGroup>
    <ClCompile Include="stdafx.cpp" />
    <ClCompile Include="main.cpp" />
    <ClCompile Include="system\system.cpp">
      <Filter>system</Filter>
    </ClCompile>
    <ClCompile Include="Scene\TitleScene.cpp">
      <Filter>Scene</Filter>
    </ClCompile>
    <ClCompile Include="Scene\SceneManager.cpp">
      <Filter>Scene</Filter>
    </ClCompile>
    <ClCompile Include="Scene\SceneBase.cpp">
      <Filter>Scene</Filter>
    </ClCompile>
    <ClCompile Include="Scene\GameScene.cpp">
      <Filter>Scene</Filter>
    </ClCompile>
    <ClCompile Include="Component\Graphics\ViewModelComponent.cpp">
      <Filter>Component\Graphics</Filter>
    </ClCompile>
    <ClCompile Include="GameManager.cpp" />
    <ClCompile Include="InGameObject\Character\Playable\Soldier.cpp">
      <Filter>InGameObject\Character\Playable</Filter>
    </ClCompile>
    <ClCompile Include="Component\Math\TransformComponent.cpp">
      <Filter>Component\Math</Filter>
    </ClCompile>
    <ClCompile Include="Component\Graphics\ModelComponent.cpp">
      <Filter>Component\Graphics</Filter>
    </ClCompile>
    <ClCompile Include="Component\Graphics\ModelComponent.cpp" />
    <ClCompile Include="Component\Graphics\ViewModelComponent.cpp" />
    <ClCompile Include="GameManager.cpp" />
    <ClCompile Include="Component\Logic\InteractComponent.cpp" />
    <ClCompile Include="Component\State\General\FlyState.cpp" />
    <ClCompile Include="Component\State\General\IdleState.cpp" />
    <ClCompile Include="Component\State\StateControllerComponent.cpp" />
    <ClCompile Include="Parameter\ParameterManager.cpp" />
    <ClCompile Include="Scene\GameScene.cpp" />
    <ClCompile Include="main.cpp" />
    <ClCompile Include="Scene\SceneBase.cpp" />
    <ClCompile Include="Scene\SceneManager.cpp" />
    <ClCompile Include="InGameObject\Character\Playable\Soldier.cpp" />
    <ClCompile Include="Status\Enemy\EnemyStatus.cpp" />
    <ClCompile Include="stdafx.cpp" />
    <ClCompile Include="system\system.cpp" />
    <ClCompile Include="Scene\TitleScene.cpp" />
    <ClCompile Include="Component\Math\TransformComponent.cpp" />
    <ClCompile Include="Component\Math\Transform.cpp">
      <Filter>Component\Math</Filter>
    </ClCompile>
    <ClCompile Include="ProjectileManager.cpp" />
    <ClCompile Include="Component\Collision\ColliderComponent.cpp">
      <Filter>Component\Collision</Filter>
    </ClCompile>
    <ClCompile Include="Component\Collision\CollisionManager.cpp">
      <Filter>Component\Collision</Filter>
    </ClCompile>
    <ClCompile Include="Component\Collision\Quadtree.cpp">
      <Filter>Component\Collision</Filter>
    </ClCompile>
    <ClCompile Include="Component\Collision\RigidBodyComponent.cpp">
      <Filter>Component\Collision</Filter>
    </ClCompile>
    <ClCompile Include="Component\Logic\CharacterMoveComponent.cpp">
      <Filter>Component\Logic</Filter>
    </ClCompile>
    <ClCompile Include="Component\Logic\InteractComponent.cpp">
      <Filter>Component\Logic</Filter>
    </ClCompile>
    <ClCompile Include="Component\State\General\FlyState.cpp">
      <Filter>Component\State\General</Filter>
    </ClCompile>
    <ClCompile Include="Component\State\General\IdleState.cpp">
      <Filter>Component\State\General</Filter>
    </ClCompile>
    <ClCompile Include="Component\State\General\PunchAIState.cpp">
      <Filter>Component\State\General</Filter>
    </ClCompile>
    <ClCompile Include="Component\State\General\PunchState.cpp">
      <Filter>Component\State\General</Filter>
    </ClCompile>
    <ClCompile Include="Component\State\General\ReloadAIState.cpp">
      <Filter>Component\State\General</Filter>
    </ClCompile>
    <ClCompile Include="Component\State\General\ReloadState.cpp">
      <Filter>Component\State\General</Filter>
    </ClCompile>
    <ClCompile Include="Component\State\Soldier\BioticFieldAIState.cpp">
      <Filter>Component\State\Soldier</Filter>
    </ClCompile>
    <ClCompile Include="Component\State\Soldier\BioticFieldState.cpp">
      <Filter>Component\State\Soldier</Filter>
    </ClCompile>
    <ClCompile Include="Component\State\Soldier\HelixRocketAIState.cpp">
      <Filter>Component\State\Soldier</Filter>
    </ClCompile>
    <ClCompile Include="Component\State\Soldier\HelixRocketState.cpp">
      <Filter>Component\State\Soldier</Filter>
    </ClCompile>
    <ClCompile Include="Component\State\Soldier\PulseRifleAIState.cpp">
      <Filter>Component\State\Soldier</Filter>
    </ClCompile>
    <ClCompile Include="Component\State\Soldier\PulseRifleState.cpp">
      <Filter>Component\State\Soldier</Filter>
    </ClCompile>
    <ClCompile Include="Component\State\Soldier\SprintAIState.cpp">
      <Filter>Component\State\Soldier</Filter>
    </ClCompile>
    <ClCompile Include="Component\State\Soldier\SprintState.cpp">
      <Filter>Component\State\Soldier</Filter>
    </ClCompile>
    <ClCompile Include="Component\State\IAIState.cpp">
      <Filter>Component\State</Filter>
    </ClCompile>
    <ClCompile Include="Component\State\StateControllerComponent.cpp">
      <Filter>Component\State</Filter>
    </ClCompile>
    <ClCompile Include="Component\State\StateMachineComponent.cpp">
      <Filter>Component\State</Filter>
    </ClCompile>
    <ClCompile Include="InGameObject\Ammo\AmmoBase.cpp">
      <Filter>InGameObject\Ammo</Filter>
    </ClCompile>
    <ClCompile Include="InGameObject\Ammo\HelixRocketAmmo.cpp">
      <Filter>InGameObject\Ammo</Filter>
    </ClCompile>
    <ClCompile Include="InGameObject\Ammo\NormalAmmo.cpp">
      <Filter>InGameObject\Ammo</Filter>
    </ClCompile>
    <ClCompile Include="InGameObject\Object\StateObject.cpp">
      <Filter>InGameObject\Object</Filter>
    </ClCompile>
    <ClCompile Include="InGameObject\Skill\BioticField.cpp">
      <Filter>InGameObject\Skill</Filter>
    </ClCompile>
    <ClCompile Include="InGameObject\Skill\HelixRocket.cpp">
      <Filter>InGameObject\Skill</Filter>
    </ClCompile>
    <ClCompile Include="InGameObject\Skill\HealingArea.cpp">
      <Filter>InGameObject\Skill</Filter>
    </ClCompile>
    <ClCompile Include="InGameObject\Skill\SkillBase.cpp">
      <Filter>InGameObject\Skill</Filter>
    </ClCompile>
    <ClCompile Include="InGameObject\Skill\Sprint.cpp">
      <Filter>InGameObject\Skill</Filter>
    </ClCompile>
    <ClCompile Include="InGameObject\Weapon\PulseRifle.cpp">
      <Filter>InGameObject\Weapon</Filter>
    </ClCompile>
    <ClCompile Include="InGameObject\Weapon\Punch.cpp">
      <Filter>InGameObject\Weapon</Filter>
    </ClCompile>
    <ClCompile Include="InGameObject\Weapon\WeaponBase.cpp">
      <Filter>InGameObject\Weapon</Filter>
    </ClCompile>
    <ClCompile Include="Component\Skill\GunComponent.cpp">
      <Filter>Component\Skill</Filter>
    </ClCompile>
    <ClCompile Include="Component\Skill\HitscanGunComponent.cpp">
      <Filter>Component\Skill</Filter>
    </ClCompile>
    <ClCompile Include="Component\Skill\SkillsComponent.cpp">
      <Filter>Component\Skill</Filter>
    </ClCompile>
    <ClCompile Include="Component\Status\HP.cpp">
      <Filter>Component\Status</Filter>
    </ClCompile>
    <ClCompile Include="Component\Status\StatusComponent.cpp">
      <Filter>Component\Status</Filter>
    </ClCompile>
    <ClCompile Include="DummyEnemy.cpp" />
    <ClCompile Include="Mission\ActivationMission.cpp" />
    <ClCompile Include="Mission\AnnihilationMission.cpp" />
    <ClCompile Include="Mission\DestructionMission.cpp" />
    <ClCompile Include="Mission\MissionBase.cpp" />
    <ClCompile Include="Mission\MissionManager.cpp" />
    <ClCompile Include="GameManager.cpp" />
    <ClCompile Include="UISystem.cpp">
      <Filter>UI</Filter>
    </ClCompile>
    <ClCompile Include="Canvas.cpp">
      <Filter>UI</Filter>
    </ClCompile>
    <ClCompile Include="SoundManager.cpp">
      <Filter>Sound</Filter>
    </ClCompile>
    <ClCompile Include="UIColorAnimationComponent.cpp">
      <Filter>UI\UIComponent\UIAnimation</Filter>
    </ClCompile>
    <ClCompile Include="UIMoveAnimationComponent.cpp">
      <Filter>UI\UIComponent\UIAnimation</Filter>
    </ClCompile>
    <ClCompile Include="UIScaleAnimationComponent.cpp">
      <Filter>UI\UIComponent\UIAnimation</Filter>
    </ClCompile>
    <ClCompile Include="NumberDisplayUIObject.cpp">
      <Filter>UI\UIGameObject</Filter>
    </ClCompile>
    <ClCompile Include="NumberSlotUIObject.cpp">
      <Filter>UI\UIGameObject</Filter>
    </ClCompile>
    <ClCompile Include="HPBarUIObject.cpp">
      <Filter>UI\UIGameObject</Filter>
    </ClCompile>
    <ClCompile Include="ResultUI.cpp">
      <Filter>UI\UIGameObject</Filter>
    </ClCompile>
    <ClCompile Include="BarUIObject.cpp">
      <Filter>UI\UIGameObject</Filter>
    </ClCompile>
    <ClCompile Include="SpriteComponent.cpp">
      <Filter>UI\UIComponent</Filter>
    </ClCompile>
    <ClCompile Include="UIFollowComponent.cpp">
      <Filter>UI\UIComponent</Filter>
    </ClCompile>
    <ClCompile Include="UITransform.cpp">
      <Filter>UI\UIComponent</Filter>
    </ClCompile>
    <ClCompile Include="UIObfect.cpp">
      <Filter>UI\UIGameObject</Filter>
    </ClCompile>
    <ClCompile Include="SkillSlotUIObject.cpp" />
    <ClCompile Include="UISelectorComponent.cpp">
      <Filter>UI\UIComponent</Filter>
    </ClCompile>
    <ClCompile Include="UIButtonSelectableComponent.cpp">
      <Filter>UI\UIComponent</Filter>
    </ClCompile>
    <ClCompile Include="UISelectableComponent.cpp">
      <Filter>UI\UIComponent</Filter>
    </ClCompile>
  </ItemGroup>
  <ItemGroup>
    <ClInclude Include="stdafx.h" />
    <ClInclude Include="system\system.h">
      <Filter>system</Filter>
    </ClInclude>
    <ClInclude Include="Scene\TitleScene.h">
      <Filter>Scene</Filter>
    </ClInclude>
    <ClInclude Include="Scene\SceneManager.h">
      <Filter>Scene</Filter>
    </ClInclude>
    <ClInclude Include="Scene\SceneBase.h">
      <Filter>Scene</Filter>
    </ClInclude>
    <ClInclude Include="Scene\GameScene.h">
      <Filter>Scene</Filter>
    </ClInclude>
    <ClInclude Include="Component\Graphics\ViewModelComponent.h">
      <Filter>Component\Graphics</Filter>
    </ClInclude>
    <ClInclude Include="GameManager.h" />
    <ClInclude Include="InGameObject\Character\Playable\Soldier.h">
      <Filter>InGameObject\Character\Playable</Filter>
    </ClInclude>
    <ClInclude Include="Component\Math\TransformComponent.h">
      <Filter>Component\Math</Filter>
    </ClInclude>
    <ClInclude Include="Component\Graphics\ModelComponent.h">
      <Filter>Component\Graphics</Filter>
    </ClInclude>
    <ClInclude Include="Component\Graphics\ModelComponent.h" />
    <ClInclude Include="Component\Graphics\ViewModelComponent.h" />
    <ClInclude Include="Parameter\IMasterParameter.h" />
    <ClInclude Include="Parameter\ParameterManager.h" />
    <ClInclude Include="Scene\GameScene.h" />
    <ClInclude Include="Scene\SceneBase.h" />
    <ClInclude Include="Scene\SceneManager.h" />
    <ClInclude Include="InGameObject\Character\Playable\Soldier.h" />
    <ClInclude Include="Status\Enemy\EnemyStatus.h" />
    <ClInclude Include="stdafx.h" />
    <ClInclude Include="system\system.h" />
    <ClInclude Include="Scene\TitleScene.h" />
    <ClInclude Include="Component\Math\TransformComponent.h" />
    <ClInclude Include="Util\Json\Json.h" />
    <ClInclude Include="Util\Json\json.hpp" />
    <ClInclude Include="GameManager.h" />
    <ClInclude Include="UISystem.h">
      <Filter>UI</Filter>
    </ClInclude>
    <ClInclude Include="Canvas.h">
      <Filter>UI</Filter>
    </ClInclude>
    <ClInclude Include="SoundManager.h">
      <Filter>Sound</Filter>
    </ClInclude>
    <ClInclude Include="SoundTypes.h">
      <Filter>Sound</Filter>
    </ClInclude>
    <ClInclude Include="MissionType.h" />
    <ClInclude Include="UIColorAnimationComponent.h">
      <Filter>UI\UIComponent\UIAnimation</Filter>
    </ClInclude>
    <ClInclude Include="UIMoveAnimationComponent.h">
      <Filter>UI\UIComponent\UIAnimation</Filter>
    </ClInclude>
    <ClInclude Include="UIScaleAnimationComponent.h">
      <Filter>UI\UIComponent\UIAnimation</Filter>
    </ClInclude>
    <ClInclude Include="UIAnimationUtil.h">
      <Filter>UI\UIComponent\UIAnimation</Filter>
    </ClInclude>
    <ClInclude Include="NumberSlotUIObject.h">
      <Filter>UI\UIGameObject</Filter>
    </ClInclude>
    <ClInclude Include="NumberDisplayUIObject.h">
      <Filter>UI\UIGameObject</Filter>
    </ClInclude>
    <ClInclude Include="HPBarUIObject.h">
      <Filter>UI\UIGameObject</Filter>
    </ClInclude>
    <ClInclude Include="ResultUI.h">
      <Filter>UI\UIGameObject</Filter>
    </ClInclude>
    <ClInclude Include="BarUIObject.h">
      <Filter>UI\UIGameObject</Filter>
    </ClInclude>
    <ClInclude Include="SpriteComponent.h">
      <Filter>UI\UIComponent</Filter>
    </ClInclude>
    <ClInclude Include="UIFollowComponent.h">
      <Filter>UI\UIComponent</Filter>
    </ClInclude>
    <ClInclude Include="UITransform.h">
      <Filter>UI\UIComponent</Filter>
    </ClInclude>
    <ClInclude Include="UIObfect.h">
      <Filter>UI\UIGameObject</Filter>
    </ClInclude>
    <ClInclude Include="SkillSlotUIObject.h" />
    <ClInclude Include="UISelectorComponent.h">
      <Filter>UI\UIComponent</Filter>
    </ClInclude>
    <ClInclude Include="UIButtonSelectableComponent.h">
      <Filter>UI\UIComponent</Filter>
    </ClInclude>
    <ClInclude Include="UISelectableComponent.h">
      <Filter>UI\UIComponent</Filter>
    </ClInclude>
  </ItemGroup>
  <ItemGroup>
    <Filter Include="UI">
      <UniqueIdentifier>{6205d43b-74d7-4a56-83ec-fc3041240ccd}</UniqueIdentifier>
    </Filter>
    <Filter Include="Sound">
      <UniqueIdentifier>{0aa411d2-78c6-4f5d-bef3-207bfedf256a}</UniqueIdentifier>
    </Filter>
    <Filter Include="UI\UIGameObject">
      <UniqueIdentifier>{5cf0a025-085a-4201-ae6c-718180de3d1a}</UniqueIdentifier>
    </Filter>
    <Filter Include="UI\UIComponent">
      <UniqueIdentifier>{a720126e-f59b-4ae0-9b6b-915ac9912caf}</UniqueIdentifier>
    </Filter>
    <Filter Include="UI\UIComponent\UIAnimation">
      <UniqueIdentifier>{7416972d-80b2-40a7-bf0e-bbc9ac60d959}</UniqueIdentifier>
    </Filter>
    <ClInclude Include="Component\Math\Transform.h">
      <Filter>Component\Math</Filter>
    </ClInclude>
    <ClInclude Include="ProjectileManager.h" />
    <ClInclude Include="resource.h" />
    <ClInclude Include="Component\Collision\CollisionDefine.h">
      <Filter>Component\Collision</Filter>
    </ClInclude>
    <ClInclude Include="Component\Collision\ColliderComponent.h">
      <Filter>Component\Collision</Filter>
    </ClInclude>
    <ClInclude Include="Component\Collision\CollisionManager.h">
      <Filter>Component\Collision</Filter>
    </ClInclude>
    <ClInclude Include="Component\Collision\Quadtree.h">
      <Filter>Component\Collision</Filter>
    </ClInclude>
    <ClInclude Include="Component\Collision\RigidBodyComponent.h">
      <Filter>Component\Collision</Filter>
    </ClInclude>
    <ClInclude Include="Component\Logic\CharacterMoveComponent.h">
      <Filter>Component\Logic</Filter>
    </ClInclude>
    <ClInclude Include="Component\Logic\InteractComponent.h">
      <Filter>Component\Logic</Filter>
    </ClInclude>
    <ClInclude Include="Component\State\General\FlyState.h">
      <Filter>Component\State\General</Filter>
    </ClInclude>
    <ClInclude Include="Component\State\General\IdleState.h">
      <Filter>Component\State\General</Filter>
    </ClInclude>
    <ClInclude Include="Component\State\General\PunchAIState.h">
      <Filter>Component\State\General</Filter>
    </ClInclude>
    <ClInclude Include="Component\State\General\PunchState.h">
      <Filter>Component\State\General</Filter>
    </ClInclude>
    <ClInclude Include="Component\State\General\ReloadAIState.h">
      <Filter>Component\State\General</Filter>
    </ClInclude>
    <ClInclude Include="Component\State\General\ReloadState.h">
      <Filter>Component\State\General</Filter>
    </ClInclude>
    <ClInclude Include="Component\State\Soldier\BioticFieldAIState.h">
      <Filter>Component\State\Soldier</Filter>
    </ClInclude>
    <ClInclude Include="Component\State\Soldier\BioticFieldState.h">
      <Filter>Component\State\Soldier</Filter>
    </ClInclude>
    <ClInclude Include="Component\State\Soldier\HelixRocketAIState.h">
      <Filter>Component\State\Soldier</Filter>
    </ClInclude>
    <ClInclude Include="Component\State\Soldier\HelixRocketState.h">
      <Filter>Component\State\Soldier</Filter>
    </ClInclude>
    <ClInclude Include="Component\State\Soldier\PulseRifleAIState.h">
      <Filter>Component\State\Soldier</Filter>
    </ClInclude>
    <ClInclude Include="Component\State\Soldier\PulseRifleState.h">
      <Filter>Component\State\Soldier</Filter>
    </ClInclude>
    <ClInclude Include="Component\State\Soldier\SprintAIState.h">
      <Filter>Component\State\Soldier</Filter>
    </ClInclude>
    <ClInclude Include="Component\State\Soldier\SprintState.h">
      <Filter>Component\State\Soldier</Filter>
    </ClInclude>
    <ClInclude Include="Component\State\IAIState.h">
      <Filter>Component\State</Filter>
    </ClInclude>
    <ClInclude Include="Component\State\IState.h">
      <Filter>Component\State</Filter>
    </ClInclude>
    <ClInclude Include="Component\State\StateControllerComponent.h">
      <Filter>Component\State</Filter>
    </ClInclude>
    <ClInclude Include="Component\State\StateMachineComponent.h">
      <Filter>Component\State</Filter>
    </ClInclude>
    <ClInclude Include="InGameObject\Ammo\AmmoBase.h">
      <Filter>InGameObject\Ammo</Filter>
    </ClInclude>
    <ClInclude Include="InGameObject\Ammo\HelixRocketAmmo.h">
      <Filter>InGameObject\Ammo</Filter>
    </ClInclude>
    <ClInclude Include="InGameObject\Ammo\NormalAmmo.h">
      <Filter>InGameObject\Ammo</Filter>
    </ClInclude>
    <ClInclude Include="InGameObject\Object\StateObject.h">
      <Filter>InGameObject\Object</Filter>
    </ClInclude>
    <ClInclude Include="InGameObject\Skill\BioticField.h">
      <Filter>InGameObject\Skill</Filter>
    </ClInclude>
    <ClInclude Include="InGameObject\Skill\HelixRocket.h">
      <Filter>InGameObject\Skill</Filter>
    </ClInclude>
    <ClInclude Include="InGameObject\Skill\HealingArea.h">
      <Filter>InGameObject\Skill</Filter>
    </ClInclude>
    <ClInclude Include="InGameObject\Skill\SkillBase.h">
      <Filter>InGameObject\Skill</Filter>
    </ClInclude>
    <ClInclude Include="InGameObject\Skill\Sprint.h">
      <Filter>InGameObject\Skill</Filter>
    </ClInclude>
    <ClInclude Include="InGameObject\Weapon\PulseRifle.h">
      <Filter>InGameObject\Weapon</Filter>
    </ClInclude>
    <ClInclude Include="InGameObject\Weapon\Punch.h">
      <Filter>InGameObject\Weapon</Filter>
    </ClInclude>
    <ClInclude Include="InGameObject\Weapon\WeaponBase.h">
      <Filter>InGameObject\Weapon</Filter>
    </ClInclude>
    <ClInclude Include="Component\Skill\GunComponent.h">
      <Filter>Component\Skill</Filter>
    </ClInclude>
    <ClInclude Include="Component\Skill\HitscanGunComponent.h">
      <Filter>Component\Skill</Filter>
    </ClInclude>
    <ClInclude Include="Component\Skill\SkillsComponent.h">
      <Filter>Component\Skill</Filter>
    </ClInclude>
    <ClInclude Include="Component\Skill\WeaponData.h">
      <Filter>Component\Skill</Filter>
    </ClInclude>
    <ClInclude Include="Component\Status\HP.h">
      <Filter>Component\Status</Filter>
    </ClInclude>
    <ClInclude Include="Component\Status\StatusComponent.h">
      <Filter>Component\Status</Filter>
    </ClInclude>
    <ClInclude Include="Component\State\StateEnum.h">
      <Filter>Component\State</Filter>
    </ClInclude>
    <ClInclude Include="DummyEnemy.h" />
    <ClInclude Include="Mission\MissionManager.h" />
    <ClInclude Include="Mission\ActivationMission.h" />
    <ClInclude Include="Mission\AnnihilationMission.h" />
    <ClInclude Include="Mission\DestructionMission.h" />
    <ClInclude Include="Mission\MissionBase.h" />
  </ItemGroup>
</Project>